
Microsoft Visual Studio Solution File, Format Version 12.00
# Visual Studio 15
VisualStudioVersion = 15.0.28307.489
MinimumVisualStudioVersion = 10.0.40219.1
Project("{FAE04EC0-301F-11D3-BF4B-00C04F79EFBC}") = "ClientApp", "ClientApp\ClientApp.csproj", "{14502DA2-47F3-4701-A386-1A128DAE6BBC}"
EndProject
Project("{FAE04EC0-301F-11D3-BF4B-00C04F79EFBC}") = "Server", "Server\Server.csproj", "{4F2E6CC0-CC28-4CCF-95F1-784859A0133B}"
EndProject
Global
	GlobalSection(SolutionConfigurationPlatforms) = preSolution
		Debug|Any CPU = Debug|Any CPU
		Release|Any CPU = Release|Any CPU
	EndGlobalSection
	GlobalSection(ProjectConfigurationPlatforms) = postSolution
		{14502DA2-47F3-4701-A386-1A128DAE6BBC}.Debug|Any CPU.ActiveCfg = Debug|Any CPU
		{14502DA2-47F3-4701-A386-1A128DAE6BBC}.Debug|Any CPU.Build.0 = Debug|Any CPU
		{14502DA2-47F3-4701-A386-1A128DAE6BBC}.Release|Any CPU.ActiveCfg = Release|Any CPU
		{14502DA2-47F3-4701-A386-1A128DAE6BBC}.Release|Any CPU.Build.0 = Release|Any CPU
		{4F2E6CC0-CC28-4CCF-95F1-784859A0133B}.Debug|Any CPU.ActiveCfg = Debug|Any CPU
		{4F2E6CC0-CC28-4CCF-95F1-784859A0133B}.Debug|Any CPU.Build.0 = Debug|Any CPU
		{4F2E6CC0-CC28-4CCF-95F1-784859A0133B}.Release|Any CPU.ActiveCfg = Release|Any CPU
		{4F2E6CC0-CC28-4CCF-95F1-784859A0133B}.Release|Any CPU.Build.0 = Release|Any CPU
	EndGlobalSection
	GlobalSection(SolutionProperties) = preSolution
		HideSolutionNode = FALSE
	EndGlobalSection
	GlobalSection(ExtensibilityGlobals) = postSolution
		SolutionGuid = {D67CCA8F-31FA-4571-AC60-1EF9D21C7F06}
	EndGlobalSection
EndGlobal
